// !$*UTF8*$!
{
	archiveVersion = 1;
	classes = {
	};
	objectVersion = 56;
	objects = {

/* Begin PBXBuildFile section */
		FCDBC6792A690AF30012D971 /* FeestApp.swift in Sources */ = {isa = PBXBuildFile; fileRef = FCDBC6782A690AF30012D971 /* FeestApp.swift */; };
		FCDBC67B2A690AF30012D971 /* RecipeView.swift in Sources */ = {isa = PBXBuildFile; fileRef = FCDBC67A2A690AF30012D971 /* RecipeView.swift */; };
		FCDBC67D2A690AF50012D971 /* Assets.xcassets in Resources */ = {isa = PBXBuildFile; fileRef = FCDBC67C2A690AF50012D971 /* Assets.xcassets */; };
		FCDBC6802A690AF50012D971 /* Preview Assets.xcassets in Resources */ = {isa = PBXBuildFile; fileRef = FCDBC67F2A690AF50012D971 /* Preview Assets.xcassets */; };
		FCDBC6882A690BDA0012D971 /* Stitch in Frameworks */ = {isa = PBXBuildFile; productRef = FCDBC6872A690BDA0012D971 /* Stitch */; };
		FCDBC6962A6919180012D971 /* API.swift in Sources */ = {isa = PBXBuildFile; fileRef = FCDBC6952A6919180012D971 /* API.swift */; };
		FCDBC69F2A6928150012D971 /* RecipeModel.swift in Sources */ = {isa = PBXBuildFile; fileRef = FCDBC69E2A6928150012D971 /* RecipeModel.swift */; };
		FCDBC6A52A6954D70012D971 /* RecipeStore.swift in Sources */ = {isa = PBXBuildFile; fileRef = FCDBC6A42A6954D70012D971 /* RecipeStore.swift */; };
		FCDBC6AA2A70BDA10012D971 /* RecipeStoring.swift in Sources */ = {isa = PBXBuildFile; fileRef = FCDBC6A92A70BDA10012D971 /* RecipeStoring.swift */; };
		FCDBC6AD2A725BF60012D971 /* Color.swift in Sources */ = {isa = PBXBuildFile; fileRef = FCDBC6AC2A725BF60012D971 /* Color.swift */; };
		FCDBC6B12A725CF00012D971 /* ColorTokens.swift in Sources */ = {isa = PBXBuildFile; fileRef = FCDBC6B02A725CF00012D971 /* ColorTokens.swift */; };
		FCDBC6B32A736F5B0012D971 /* BackgroundWrapper.swift in Sources */ = {isa = PBXBuildFile; fileRef = FCDBC6B22A736F5B0012D971 /* BackgroundWrapper.swift */; };
/* End PBXBuildFile section */

/* Begin PBXFileReference section */
		FCDBC6752A690AF30012D971 /* Feest.app */ = {isa = PBXFileReference; explicitFileType = wrapper.application; includeInIndex = 0; path = Feest.app; sourceTree = BUILT_PRODUCTS_DIR; };
		FCDBC6782A690AF30012D971 /* FeestApp.swift */ = {isa = PBXFileReference; lastKnownFileType = sourcecode.swift; path = FeestApp.swift; sourceTree = "<group>"; };
		FCDBC67A2A690AF30012D971 /* RecipeView.swift */ = {isa = PBXFileReference; lastKnownFileType = sourcecode.swift; path = RecipeView.swift; sourceTree = "<group>"; };
		FCDBC67C2A690AF50012D971 /* Assets.xcassets */ = {isa = PBXFileReference; lastKnownFileType = folder.assetcatalog; path = Assets.xcassets; sourceTree = "<group>"; };
		FCDBC67F2A690AF50012D971 /* Preview Assets.xcassets */ = {isa = PBXFileReference; lastKnownFileType = folder.assetcatalog; path = "Preview Assets.xcassets"; sourceTree = "<group>"; };
		FCDBC6952A6919180012D971 /* API.swift */ = {isa = PBXFileReference; lastKnownFileType = sourcecode.swift; path = API.swift; sourceTree = "<group>"; };
		FCDBC69E2A6928150012D971 /* RecipeModel.swift */ = {isa = PBXFileReference; lastKnownFileType = sourcecode.swift; path = RecipeModel.swift; sourceTree = "<group>"; };
		FCDBC6A42A6954D70012D971 /* RecipeStore.swift */ = {isa = PBXFileReference; lastKnownFileType = sourcecode.swift; path = RecipeStore.swift; sourceTree = "<group>"; };
		FCDBC6A92A70BDA10012D971 /* RecipeStoring.swift */ = {isa = PBXFileReference; lastKnownFileType = sourcecode.swift; path = RecipeStoring.swift; sourceTree = "<group>"; };
		FCDBC6AC2A725BF60012D971 /* Color.swift */ = {isa = PBXFileReference; lastKnownFileType = sourcecode.swift; path = Color.swift; sourceTree = "<group>"; };
		FCDBC6B02A725CF00012D971 /* ColorTokens.swift */ = {isa = PBXFileReference; lastKnownFileType = sourcecode.swift; path = ColorTokens.swift; sourceTree = "<group>"; };
		FCDBC6B22A736F5B0012D971 /* BackgroundWrapper.swift */ = {isa = PBXFileReference; lastKnownFileType = sourcecode.swift; path = BackgroundWrapper.swift; sourceTree = "<group>"; };
/* End PBXFileReference section */

/* Begin PBXFrameworksBuildPhase section */
		FCDBC6722A690AF30012D971 /* Frameworks */ = {
			isa = PBXFrameworksBuildPhase;
			buildActionMask = 2147483647;
			files = (
				FCDBC6882A690BDA0012D971 /* Stitch in Frameworks */,
			);
			runOnlyForDeploymentPostprocessing = 0;
		};
/* End PBXFrameworksBuildPhase section */

/* Begin PBXGroup section */
		FCDBC66C2A690AF30012D971 = {
			isa = PBXGroup;
			children = (
				FCDBC6772A690AF30012D971 /* Feest */,
				FCDBC6762A690AF30012D971 /* Products */,
			);
			sourceTree = "<group>";
		};
		FCDBC6762A690AF30012D971 /* Products */ = {
			isa = PBXGroup;
			children = (
				FCDBC6752A690AF30012D971 /* Feest.app */,
			);
			name = Products;
			sourceTree = "<group>";
		};
		FCDBC6772A690AF30012D971 /* Feest */ = {
			isa = PBXGroup;
			children = (
				FCDBC6782A690AF30012D971 /* FeestApp.swift */,
				FCDBC6922A69156C0012D971 /* Pages */,
				FCDBC6892A690BEB0012D971 /* Utils */,
				FCDBC67E2A690AF50012D971 /* Preview Content */,
				FCDBC67F2A690AF50012D971 /* Preview Assets.xcassets */,
			);
			path = Feest;
			sourceTree = "<group>";
		};
		FCDBC67E2A690AF50012D971 /* Preview Content */ = {
			isa = PBXGroup;
			children = (
				FCDBC67C2A690AF50012D971 /* Assets.xcassets */,
			);
			path = "Preview Content";
			sourceTree = "<group>";
		};
		FCDBC6892A690BEB0012D971 /* Utils */ = {
			isa = PBXGroup;
			children = (
				FCDBC6AB2A725BDA0012D971 /* Theme */,
				FCDBC6A32A6954B80012D971 /* Store */,
				FCDBC68F2A69130E0012D971 /* Models */,
				FCDBC6942A6917AF0012D971 /* API */,
			);
			path = Utils;
			sourceTree = "<group>";
		};
		FCDBC68F2A69130E0012D971 /* Models */ = {
			isa = PBXGroup;
			children = (
				FCDBC69E2A6928150012D971 /* RecipeModel.swift */,
			);
			path = Models;
			sourceTree = "<group>";
		};
		FCDBC6922A69156C0012D971 /* Pages */ = {
			isa = PBXGroup;
			children = (
				FCDBC67A2A690AF30012D971 /* RecipeView.swift */,
			);
			path = Pages;
			sourceTree = "<group>";
		};
		FCDBC6942A6917AF0012D971 /* API */ = {
			isa = PBXGroup;
			children = (
				FCDBC6952A6919180012D971 /* API.swift */,
			);
			path = API;
			sourceTree = "<group>";
		};
		FCDBC6A32A6954B80012D971 /* Store */ = {
			isa = PBXGroup;
			children = (
				FCDBC6A42A6954D70012D971 /* RecipeStore.swift */,
				FCDBC6A92A70BDA10012D971 /* RecipeStoring.swift */,
			);
			path = Store;
			sourceTree = "<group>";
		};
		FCDBC6AB2A725BDA0012D971 /* Theme */ = {
			isa = PBXGroup;
			children = (
				FCDBC6AC2A725BF60012D971 /* Color.swift */,
				FCDBC6B02A725CF00012D971 /* ColorTokens.swift */,
				FCDBC6B22A736F5B0012D971 /* BackgroundWrapper.swift */,
			);
			path = Theme;
			sourceTree = "<group>";
		};
/* End PBXGroup section */

/* Begin PBXNativeTarget section */
		FCDBC6742A690AF30012D971 /* Feest */ = {
			isa = PBXNativeTarget;
			buildConfigurationList = FCDBC6832A690AF50012D971 /* Build configuration list for PBXNativeTarget "Feest" */;
			buildPhases = (
				FCDBC6712A690AF30012D971 /* Sources */,
				FCDBC6722A690AF30012D971 /* Frameworks */,
				FCDBC6732A690AF30012D971 /* Resources */,
			);
			buildRules = (
			);
			dependencies = (
			);
			name = Feest;
			packageProductDependencies = (
				FCDBC6872A690BDA0012D971 /* Stitch */,
			);
			productName = Feest;
			productReference = FCDBC6752A690AF30012D971 /* Feest.app */;
			productType = "com.apple.product-type.application";
		};
/* End PBXNativeTarget section */

/* Begin PBXProject section */
		FCDBC66D2A690AF30012D971 /* Project object */ = {
			isa = PBXProject;
			attributes = {
				BuildIndependentTargetsInParallel = 1;
				LastSwiftUpdateCheck = 1420;
				LastUpgradeCheck = 1420;
				TargetAttributes = {
					FCDBC6742A690AF30012D971 = {
						CreatedOnToolsVersion = 14.2;
					};
				};
			};
			buildConfigurationList = FCDBC6702A690AF30012D971 /* Build configuration list for PBXProject "Feest" */;
			compatibilityVersion = "Xcode 14.0";
			developmentRegion = en;
			hasScannedForEncodings = 0;
			knownRegions = (
				en,
				Base,
			);
			mainGroup = FCDBC66C2A690AF30012D971;
			packageReferences = (
				FCDBC6862A690BDA0012D971 /* XCRemoteSwiftPackageReference "stitch" */,
			);
			productRefGroup = FCDBC6762A690AF30012D971 /* Products */;
			projectDirPath = "";
			projectRoot = "";
			targets = (
				FCDBC6742A690AF30012D971 /* Feest */,
			);
		};
/* End PBXProject section */

/* Begin PBXResourcesBuildPhase section */
		FCDBC6732A690AF30012D971 /* Resources */ = {
			isa = PBXResourcesBuildPhase;
			buildActionMask = 2147483647;
			files = (
				FCDBC6802A690AF50012D971 /* Preview Assets.xcassets in Resources */,
				FCDBC67D2A690AF50012D971 /* Assets.xcassets in Resources */,
			);
			runOnlyForDeploymentPostprocessing = 0;
		};
/* End PBXResourcesBuildPhase section */

/* Begin PBXSourcesBuildPhase section */
		FCDBC6712A690AF30012D971 /* Sources */ = {
			isa = PBXSourcesBuildPhase;
			buildActionMask = 2147483647;
			files = (
				FCDBC67B2A690AF30012D971 /* RecipeView.swift in Sources */,
				FCDBC69F2A6928150012D971 /* RecipeModel.swift in Sources */,
				FCDBC6B32A736F5B0012D971 /* BackgroundWrapper.swift in Sources */,
				FCDBC6AD2A725BF60012D971 /* Color.swift in Sources */,
				FCDBC6962A6919180012D971 /* API.swift in Sources */,
				FCDBC6792A690AF30012D971 /* FeestApp.swift in Sources */,
				FCDBC6AA2A70BDA10012D971 /* RecipeStoring.swift in Sources */,
				FCDBC6A52A6954D70012D971 /* RecipeStore.swift in Sources */,
				FCDBC6B12A725CF00012D971 /* ColorTokens.swift in Sources */,
			);
			runOnlyForDeploymentPostprocessing = 0;
		};
/* End PBXSourcesBuildPhase section */

/* Begin XCBuildConfiguration section */
		FCDBC6812A690AF50012D971 /* Debug */ = {
			isa = XCBuildConfiguration;
			buildSettings = {
				ALWAYS_SEARCH_USER_PATHS = NO;
				CLANG_ANALYZER_NONNULL = YES;
				CLANG_ANALYZER_NUMBER_OBJECT_CONVERSION = YES_AGGRESSIVE;
				CLANG_CXX_LANGUAGE_STANDARD = "gnu++20";
				CLANG_ENABLE_MODULES = YES;
				CLANG_ENABLE_OBJC_ARC = YES;
				CLANG_ENABLE_OBJC_WEAK = YES;
				CLANG_WARN_BLOCK_CAPTURE_AUTORELEASING = YES;
				CLANG_WARN_BOOL_CONVERSION = YES;
				CLANG_WARN_COMMA = YES;
				CLANG_WARN_CONSTANT_CONVERSION = YES;
				CLANG_WARN_DEPRECATED_OBJC_IMPLEMENTATIONS = YES;
				CLANG_WARN_DIRECT_OBJC_ISA_USAGE = YES_ERROR;
				CLANG_WARN_DOCUMENTATION_COMMENTS = YES;
				CLANG_WARN_EMPTY_BODY = YES;
				CLANG_WARN_ENUM_CONVERSION = YES;
				CLANG_WARN_INFINITE_RECURSION = YES;
				CLANG_WARN_INT_CONVERSION = YES;
				CLANG_WARN_NON_LITERAL_NULL_CONVERSION = YES;
				CLANG_WARN_OBJC_IMPLICIT_RETAIN_SELF = YES;
				CLANG_WARN_OBJC_LITERAL_CONVERSION = YES;
				CLANG_WARN_OBJC_ROOT_CLASS = YES_ERROR;
				CLANG_WARN_QUOTED_INCLUDE_IN_FRAMEWORK_HEADER = YES;
				CLANG_WARN_RANGE_LOOP_ANALYSIS = YES;
				CLANG_WARN_STRICT_PROTOTYPES = YES;
				CLANG_WARN_SUSPICIOUS_MOVE = YES;
				CLANG_WARN_UNGUARDED_AVAILABILITY = YES_AGGRESSIVE;
				CLANG_WARN_UNREACHABLE_CODE = YES;
				CLANG_WARN__DUPLICATE_METHOD_MATCH = YES;
				COPY_PHASE_STRIP = NO;
				DEBUG_INFORMATION_FORMAT = dwarf;
				ENABLE_STRICT_OBJC_MSGSEND = YES;
				ENABLE_TESTABILITY = YES;
				GCC_C_LANGUAGE_STANDARD = gnu11;
				GCC_DYNAMIC_NO_PIC = NO;
				GCC_NO_COMMON_BLOCKS = YES;
				GCC_OPTIMIZATION_LEVEL = 0;
				GCC_PREPROCESSOR_DEFINITIONS = (
					"DEBUG=1",
					"$(inherited)",
				);
				GCC_WARN_64_TO_32_BIT_CONVERSION = YES;
				GCC_WARN_ABOUT_RETURN_TYPE = YES_ERROR;
				GCC_WARN_UNDECLARED_SELECTOR = YES;
				GCC_WARN_UNINITIALIZED_AUTOS = YES_AGGRESSIVE;
				GCC_WARN_UNUSED_FUNCTION = YES;
				GCC_WARN_UNUSED_VARIABLE = YES;
				IPHONEOS_DEPLOYMENT_TARGET = 16.2;
				MTL_ENABLE_DEBUG_INFO = INCLUDE_SOURCE;
				MTL_FAST_MATH = YES;
				ONLY_ACTIVE_ARCH = YES;
				SDKROOT = iphoneos;
				SWIFT_ACTIVE_COMPILATION_CONDITIONS = DEBUG;
				SWIFT_OPTIMIZATION_LEVEL = "-Onone";
			};
			name = Debug;
		};
		FCDBC6822A690AF50012D971 /* Release */ = {
			isa = XCBuildConfiguration;
			buildSettings = {
				ALWAYS_SEARCH_USER_PATHS = NO;
				CLANG_ANALYZER_NONNULL = YES;
				CLANG_ANALYZER_NUMBER_OBJECT_CONVERSION = YES_AGGRESSIVE;
				CLANG_CXX_LANGUAGE_STANDARD = "gnu++20";
				CLANG_ENABLE_MODULES = YES;
				CLANG_ENABLE_OBJC_ARC = YES;
				CLANG_ENABLE_OBJC_WEAK = YES;
				CLANG_WARN_BLOCK_CAPTURE_AUTORELEASING = YES;
				CLANG_WARN_BOOL_CONVERSION = YES;
				CLANG_WARN_COMMA = YES;
				CLANG_WARN_CONSTANT_CONVERSION = YES;
				CLANG_WARN_DEPRECATED_OBJC_IMPLEMENTATIONS = YES;
				CLANG_WARN_DIRECT_OBJC_ISA_USAGE = YES_ERROR;
				CLANG_WARN_DOCUMENTATION_COMMENTS = YES;
				CLANG_WARN_EMPTY_BODY = YES;
				CLANG_WARN_ENUM_CONVERSION = YES;
				CLANG_WARN_INFINITE_RECURSION = YES;
				CLANG_WARN_INT_CONVERSION = YES;
				CLANG_WARN_NON_LITERAL_NULL_CONVERSION = YES;
				CLANG_WARN_OBJC_IMPLICIT_RETAIN_SELF = YES;
				CLANG_WARN_OBJC_LITERAL_CONVERSION = YES;
				CLANG_WARN_OBJC_ROOT_CLASS = YES_ERROR;
				CLANG_WARN_QUOTED_INCLUDE_IN_FRAMEWORK_HEADER = YES;
				CLANG_WARN_RANGE_LOOP_ANALYSIS = YES;
				CLANG_WARN_STRICT_PROTOTYPES = YES;
				CLANG_WARN_SUSPICIOUS_MOVE = YES;
				CLANG_WARN_UNGUARDED_AVAILABILITY = YES_AGGRESSIVE;
				CLANG_WARN_UNREACHABLE_CODE = YES;
				CLANG_WARN__DUPLICATE_METHOD_MATCH = YES;
				COPY_PHASE_STRIP = NO;
				DEBUG_INFORMATION_FORMAT = "dwarf-with-dsym";
				ENABLE_NS_ASSERTIONS = NO;
				ENABLE_STRICT_OBJC_MSGSEND = YES;
				GCC_C_LANGUAGE_STANDARD = gnu11;
				GCC_NO_COMMON_BLOCKS = YES;
				GCC_WARN_64_TO_32_BIT_CONVERSION = YES;
				GCC_WARN_ABOUT_RETURN_TYPE = YES_ERROR;
				GCC_WARN_UNDECLARED_SELECTOR = YES;
				GCC_WARN_UNINITIALIZED_AUTOS = YES_AGGRESSIVE;
				GCC_WARN_UNUSED_FUNCTION = YES;
				GCC_WARN_UNUSED_VARIABLE = YES;
				IPHONEOS_DEPLOYMENT_TARGET = 16.2;
				MTL_ENABLE_DEBUG_INFO = NO;
				MTL_FAST_MATH = YES;
				SDKROOT = iphoneos;
				SWIFT_COMPILATION_MODE = wholemodule;
				SWIFT_OPTIMIZATION_LEVEL = "-O";
				VALIDATE_PRODUCT = YES;
			};
			name = Release;
		};
		FCDBC6842A690AF50012D971 /* Debug */ = {
			isa = XCBuildConfiguration;
			buildSettings = {
				ASSETCATALOG_COMPILER_APPICON_NAME = AppIcon;
				ASSETCATALOG_COMPILER_GLOBAL_ACCENT_COLOR_NAME = AccentColor;
				CODE_SIGN_STYLE = Automatic;
				CURRENT_PROJECT_VERSION = 1;
				DEVELOPMENT_ASSET_PATHS = "\"Feest/Preview Content\"";
				ENABLE_PREVIEWS = YES;
				GENERATE_INFOPLIST_FILE = YES;
				INFOPLIST_KEY_UIApplicationSceneManifest_Generation = YES;
				INFOPLIST_KEY_UIApplicationSupportsIndirectInputEvents = YES;
				INFOPLIST_KEY_UILaunchScreen_Generation = YES;
				INFOPLIST_KEY_UISupportedInterfaceOrientations_iPad = "UIInterfaceOrientationPortrait UIInterfaceOrientationPortraitUpsideDown UIInterfaceOrientationLandscapeLeft UIInterfaceOrientationLandscapeRight";
				INFOPLIST_KEY_UISupportedInterfaceOrientations_iPhone = "UIInterfaceOrientationPortrait UIInterfaceOrientationLandscapeLeft UIInterfaceOrientationLandscapeRight";
				LD_RUNPATH_SEARCH_PATHS = (
					"$(inherited)",
					"@executable_path/Frameworks",
				);
				MARKETING_VERSION = 1.0;
				PRODUCT_BUNDLE_IDENTIFIER = "Feest-or-Fam-n.Feest";
				PRODUCT_NAME = "$(TARGET_NAME)";
				SWIFT_EMIT_LOC_STRINGS = YES;
				SWIFT_VERSION = 5.0;
				TARGETED_DEVICE_FAMILY = "1,2";
			};
			name = Debug;
		};
		FCDBC6852A690AF50012D971 /* Release */ = {
			isa = XCBuildConfiguration;
			buildSettings = {
				ASSETCATALOG_COMPILER_APPICON_NAME = AppIcon;
				ASSETCATALOG_COMPILER_GLOBAL_ACCENT_COLOR_NAME = AccentColor;
				CODE_SIGN_STYLE = Automatic;
				CURRENT_PROJECT_VERSION = 1;
				DEVELOPMENT_ASSET_PATHS = "\"Feest/Preview Content\"";
				ENABLE_PREVIEWS = YES;
				GENERATE_INFOPLIST_FILE = YES;
				INFOPLIST_KEY_UIApplicationSceneManifest_Generation = YES;
				INFOPLIST_KEY_UIApplicationSupportsIndirectInputEvents = YES;
				INFOPLIST_KEY_UILaunchScreen_Generation = YES;
				INFOPLIST_KEY_UISupportedInterfaceOrientations_iPad = "UIInterfaceOrientationPortrait UIInterfaceOrientationPortraitUpsideDown UIInterfaceOrientationLandscapeLeft UIInterfaceOrientationLandscapeRight";
				INFOPLIST_KEY_UISupportedInterfaceOrientations_iPhone = "UIInterfaceOrientationPortrait UIInterfaceOrientationLandscapeLeft UIInterfaceOrientationLandscapeRight";
				LD_RUNPATH_SEARCH_PATHS = (
					"$(inherited)",
					"@executable_path/Frameworks",
				);
				MARKETING_VERSION = 1.0;
				PRODUCT_BUNDLE_IDENTIFIER = "Feest-or-Fam-n.Feest";
				PRODUCT_NAME = "$(TARGET_NAME)";
				SWIFT_EMIT_LOC_STRINGS = YES;
				SWIFT_VERSION = 5.0;
				TARGETED_DEVICE_FAMILY = "1,2";
			};
			name = Release;
		};
/* End XCBuildConfiguration section */

/* Begin XCConfigurationList section */
		FCDBC6702A690AF30012D971 /* Build configuration list for PBXProject "Feest" */ = {
			isa = XCConfigurationList;
			buildConfigurations = (
				FCDBC6812A690AF50012D971 /* Debug */,
				FCDBC6822A690AF50012D971 /* Release */,
			);
			defaultConfigurationIsVisible = 0;
			defaultConfigurationName = Release;
		};
		FCDBC6832A690AF50012D971 /* Build configuration list for PBXNativeTarget "Feest" */ = {
			isa = XCConfigurationList;
			buildConfigurations = (
				FCDBC6842A690AF50012D971 /* Debug */,
				FCDBC6852A690AF50012D971 /* Release */,
			);
			defaultConfigurationIsVisible = 0;
			defaultConfigurationName = Release;
		};
/* End XCConfigurationList section */

/* Begin XCRemoteSwiftPackageReference section */
		FCDBC6862A690BDA0012D971 /* XCRemoteSwiftPackageReference "stitch" */ = {
			isa = XCRemoteSwiftPackageReference;
			repositoryURL = "https://github.com/entrhq/stitch";
			requirement = {
				branch = main;
				kind = branch;
			};
		};
/* End XCRemoteSwiftPackageReference section */

/* Begin XCSwiftPackageProductDependency section */
		FCDBC6872A690BDA0012D971 /* Stitch */ = {
			isa = XCSwiftPackageProductDependency;
			package = FCDBC6862A690BDA0012D971 /* XCRemoteSwiftPackageReference "stitch" */;
			productName = Stitch;
		};
/* End XCSwiftPackageProductDependency section */
	};
	rootObject = FCDBC66D2A690AF30012D971 /* Project object */;
}
